# This file is automatically @generated by Cargo.
# It is not intended for manual editing.
[[package]]
name = "anyhow"
version = "1.0.36"
source = "registry+https://github.com/rust-lang/crates.io-index"
checksum = "68803225a7b13e47191bab76f2687382b60d259e8cf37f6e1893658b84bb9479"

[[package]]
name = "arrayref"
version = "0.3.6"
source = "registry+https://github.com/rust-lang/crates.io-index"
checksum = "a4c527152e37cf757a3f78aae5a06fbeefdb07ccc535c980a3208ee3060dd544"

[[package]]
name = "arrayvec"
version = "0.5.2"
source = "registry+https://github.com/rust-lang/crates.io-index"
checksum = "23b62fc65de8e4e7f52534fb52b0f3ed04746ae267519eef2a83941e8085068b"

[[package]]
name = "async-channel"
version = "1.5.1"
source = "registry+https://github.com/rust-lang/crates.io-index"
checksum = "59740d83946db6a5af71ae25ddf9562c2b176b2ca42cf99a455f09f4a220d6b9"
dependencies = [
 "concurrent-queue",
 "event-listener",
 "futures-core",
]

[[package]]
name = "async-dup"
version = "1.2.2"
source = "registry+https://github.com/rust-lang/crates.io-index"
checksum = "7427a12b8dc09291528cfb1da2447059adb4a257388c2acd6497a79d55cf6f7c"
dependencies = [
 "futures-io",
 "simple-mutex",
]

[[package]]
name = "async-executor"
version = "0.1.2"
source = "registry+https://github.com/rust-lang/crates.io-index"
checksum = "90f47c78ea98277cb1f5e6f60ba4fc762f5eafe9f6511bc2f7dfd8b75c225650"
dependencies = [
 "async-io 0.1.11",
 "futures-lite 0.1.11",
 "multitask",
 "parking 1.0.6",
 "scoped-tls",
 "waker-fn",
]

[[package]]
name = "async-executor"
version = "1.4.0"
source = "registry+https://github.com/rust-lang/crates.io-index"
checksum = "eb877970c7b440ead138f6321a3b5395d6061183af779340b65e20c0fede9146"
dependencies = [
 "async-task 4.0.3",
 "concurrent-queue",
 "fastrand",
 "futures-lite 1.11.3",
 "once_cell",
 "vec-arena 1.0.0",
]

[[package]]
name = "async-fs"
version = "1.5.0"
source = "registry+https://github.com/rust-lang/crates.io-index"
checksum = "8b3ca4f8ff117c37c278a2f7415ce9be55560b846b5bc4412aaa5d29c1c3dae2"
dependencies = [
 "async-lock",
 "blocking 1.0.2",
 "futures-lite 1.11.3",
]

[[package]]
name = "async-io"
version = "0.1.11"
source = "registry+https://github.com/rust-lang/crates.io-index"
checksum = "3ae22a338d28c75b53702b66f77979062cb29675db376d99e451af4fa79dedb3"
dependencies = [
 "cfg-if 0.1.10",
 "concurrent-queue",
 "futures-lite 0.1.11",
 "libc",
 "once_cell",
 "parking 2.0.0",
 "polling 0.1.9",
 "socket2",
 "vec-arena 0.5.2",
 "wepoll-sys-stjepang",
 "winapi",
]

[[package]]
name = "async-io"
version = "1.1.6"
source = "registry+https://github.com/rust-lang/crates.io-index"
checksum = "b5bfd63f6fc8fd2925473a147d3f4d252c712291efdde0d7057b25146563402c"
dependencies = [
 "concurrent-queue",
 "fastrand",
 "futures-lite 1.11.3",
 "log",
 "nb-connect",
 "once_cell",
 "parking 2.0.0",
 "polling 1.1.0",
 "vec-arena 1.0.0",
 "waker-fn",
]

[[package]]
name = "async-lock"
version = "2.3.0"
source = "registry+https://github.com/rust-lang/crates.io-index"
checksum = "1996609732bde4a9988bc42125f55f2af5f3c36370e27c778d5191a4a1b63bfb"
dependencies = [
 "event-listener",
]

[[package]]
name = "async-net"
version = "1.5.0"
source = "registry+https://github.com/rust-lang/crates.io-index"
checksum = "06de475c85affe184648202401d7622afb32f0f74e02192857d0201a16defbe5"
dependencies = [
 "async-io 1.1.6",
 "blocking 1.0.2",
 "fastrand",
 "futures-lite 1.11.3",
]

[[package]]
name = "async-process"
version = "1.0.1"
source = "registry+https://github.com/rust-lang/crates.io-index"
checksum = "4c8cea09c1fb10a317d1b5af8024eeba256d6554763e85ecd90ff8df31c7bbda"
dependencies = [
 "async-io 1.1.6",
 "blocking 1.0.2",
 "cfg-if 0.1.10",
 "event-listener",
 "futures-lite 1.11.3",
 "once_cell",
 "signal-hook 0.1.17",
 "winapi",
]

[[package]]
name = "async-task"
version = "3.0.0"
source = "registry+https://github.com/rust-lang/crates.io-index"
checksum = "c17772156ef2829aadc587461c7753af20b7e8db1529bc66855add962a3b35d3"

[[package]]
name = "async-task"
version = "4.0.3"
source = "registry+https://github.com/rust-lang/crates.io-index"
checksum = "e91831deabf0d6d7ec49552e489aed63b7456a7a3c46cff62adad428110b0af0"

[[package]]
name = "atomic-waker"
version = "1.0.0"
source = "registry+https://github.com/rust-lang/crates.io-index"
checksum = "065374052e7df7ee4047b1160cca5e1467a12351a40b3da123c870ba0b8eda2a"

[[package]]
name = "autocfg"
version = "1.0.1"
source = "registry+https://github.com/rust-lang/crates.io-index"
checksum = "cdb031dd78e28731d87d56cc8ffef4a8f36ca26c38fe2de700543e627f8a464a"

[[package]]
name = "base64"
version = "0.13.0"
source = "registry+https://github.com/rust-lang/crates.io-index"
checksum = "904dfeac50f3cdaba28fc6f57fdcddb75f49ed61346676a78c4ffe55877802fd"

[[package]]
name = "bincode"
version = "1.3.1"
source = "registry+https://github.com/rust-lang/crates.io-index"
checksum = "f30d3a39baa26f9651f17b375061f3233dde33424a8b72b0dbe93a68a0bc896d"
dependencies = [
 "byteorder",
 "serde",
]

[[package]]
name = "blake2b_simd"
version = "0.5.11"
source = "registry+https://github.com/rust-lang/crates.io-index"
checksum = "afa748e348ad3be8263be728124b24a24f268266f6f5d58af9d75f6a40b5c587"
dependencies = [
 "arrayref",
 "arrayvec",
 "constant_time_eq",
]

[[package]]
name = "blocking"
version = "0.5.2"
source = "registry+https://github.com/rust-lang/crates.io-index"
checksum = "ea5800d29218fea137b0880387e5948694a23c93fcdde157006966693a865c7c"
dependencies = [
 "async-channel",
 "atomic-waker",
 "futures-lite 0.1.11",
 "once_cell",
 "waker-fn",
]

[[package]]
name = "blocking"
version = "1.0.2"
source = "registry+https://github.com/rust-lang/crates.io-index"
checksum = "c5e170dbede1f740736619b776d7251cb1b9095c435c34d8ca9f57fcd2f335e9"
dependencies = [
 "async-channel",
 "async-task 4.0.3",
 "atomic-waker",
 "fastrand",
 "futures-lite 1.11.3",
 "once_cell",
]

[[package]]
name = "byteorder"
version = "1.3.4"
source = "registry+https://github.com/rust-lang/crates.io-index"
checksum = "08c48aae112d48ed9f069b33538ea9e3e90aa263cfa3d1c24309612b1f7472de"

[[package]]
name = "cache-padded"
version = "1.1.1"
source = "registry+https://github.com/rust-lang/crates.io-index"
checksum = "631ae5198c9be5e753e5cc215e1bd73c2b466a3565173db433f52bb9d3e66dba"

[[package]]
name = "cc"
version = "1.0.66"
source = "registry+https://github.com/rust-lang/crates.io-index"
checksum = "4c0496836a84f8d0495758516b8621a622beb77c0fed418570e50764093ced48"

[[package]]
name = "cfg-if"
version = "0.1.10"
source = "registry+https://github.com/rust-lang/crates.io-index"
checksum = "4785bdd1c96b2a846b2bd7cc02e86b6b3dbf14e7e53446c4f54c92a361040822"

[[package]]
name = "cfg-if"
version = "1.0.0"
source = "registry+https://github.com/rust-lang/crates.io-index"
checksum = "baf1de4339761588bc0619e3cbc0120ee582ebb74b53b4efbf79117bd2da40fd"

[[package]]
name = "concurrent-queue"
version = "1.2.2"
source = "registry+https://github.com/rust-lang/crates.io-index"
checksum = "30ed07550be01594c6026cff2a1d7fe9c8f683caa798e12b68694ac9e88286a3"
dependencies = [
 "cache-padded",
]

[[package]]
name = "constant_time_eq"
version = "0.1.5"
source = "registry+https://github.com/rust-lang/crates.io-index"
checksum = "245097e9a4535ee1e3e3931fcfcd55a796a44c643e8596ff6566d68f09b87bbc"

[[package]]
name = "crossbeam-utils"
version = "0.8.1"
source = "registry+https://github.com/rust-lang/crates.io-index"
checksum = "02d96d1e189ef58269ebe5b97953da3274d83a93af647c2ddd6f9dab28cedb8d"
dependencies = [
 "autocfg",
 "cfg-if 1.0.0",
 "lazy_static",
]

[[package]]
name = "dirs"
version = "3.0.1"
source = "registry+https://github.com/rust-lang/crates.io-index"
checksum = "142995ed02755914747cc6ca76fc7e4583cd18578746716d0508ea6ed558b9ff"
dependencies = [
 "dirs-sys",
]

[[package]]
name = "dirs-sys"
version = "0.3.5"
source = "registry+https://github.com/rust-lang/crates.io-index"
checksum = "8e93d7f5705de3e49895a2b5e0b8855a1c27f080192ae9c32a6432d50741a57a"
dependencies = [
 "libc",
 "redox_users",
 "winapi",
]

[[package]]
name = "easy-parallel"
version = "3.1.0"
source = "registry+https://github.com/rust-lang/crates.io-index"
checksum = "1dd4afd79212583ff429b913ad6605242ed7eec277e950b1438f300748f948f4"

[[package]]
name = "event-listener"
version = "2.5.1"
source = "registry+https://github.com/rust-lang/crates.io-index"
checksum = "f7531096570974c3a9dcf9e4b8e1cede1ec26cf5046219fb3b9d897503b9be59"

[[package]]
name = "eyre"
version = "0.6.3"
source = "registry+https://github.com/rust-lang/crates.io-index"
checksum = "5f29abf4740a4778632fe27a4f681ef5b7a6f659aeba3330ac66f48e20cfa3b7"
dependencies = [
 "indenter",
 "once_cell",
]

[[package]]
name = "fastrand"
version = "1.4.0"
source = "registry+https://github.com/rust-lang/crates.io-index"
checksum = "ca5faf057445ce5c9d4329e382b2ce7ca38550ef3b73a5348362d5f24e0c7fe3"
dependencies = [
 "instant",
]

[[package]]
name = "futures-core"
version = "0.3.8"
source = "registry+https://github.com/rust-lang/crates.io-index"
checksum = "847ce131b72ffb13b6109a221da9ad97a64cbe48feb1028356b836b47b8f1748"

[[package]]
name = "futures-io"
version = "0.3.8"
source = "registry+https://github.com/rust-lang/crates.io-index"
checksum = "611834ce18aaa1bd13c4b374f5d653e1027cf99b6b502584ff8c9a64413b30bb"

[[package]]
name = "futures-lite"
version = "0.1.11"
source = "registry+https://github.com/rust-lang/crates.io-index"
checksum = "97999970129b808f0ccba93211201d431fcc12d7e1ffae03a61b5cedd1a7ced2"
dependencies = [
 "fastrand",
 "futures-core",
 "futures-io",
 "memchr",
 "parking 2.0.0",
 "pin-project-lite 0.1.11",
 "waker-fn",
]

[[package]]
name = "futures-lite"
version = "1.11.3"
source = "registry+https://github.com/rust-lang/crates.io-index"
checksum = "b4481d0cd0de1d204a4fa55e7d45f07b1d958abcb06714b3446438e2eff695fb"
dependencies = [
 "fastrand",
 "futures-core",
 "futures-io",
 "memchr",
 "parking 2.0.0",
 "pin-project-lite 0.2.0",
 "waker-fn",
]

[[package]]
name = "futures-timer"
version = "3.0.2"
source = "registry+https://github.com/rust-lang/crates.io-index"
checksum = "e64b03909df88034c26dc1547e8970b91f98bdb65165d6a4e9110d94263dbb2c"

[[package]]
name = "getrandom"
version = "0.1.16"
source = "registry+https://github.com/rust-lang/crates.io-index"
checksum = "8fc3cb4d91f53b50155bdcfd23f6a4c39ae1969c2ae85982b135750cccaf5fce"
dependencies = [
 "cfg-if 1.0.0",
 "libc",
 "wasi 0.9.0+wasi-snapshot-preview1",
]

[[package]]
name = "getrandom"
version = "0.2.1"
source = "registry+https://github.com/rust-lang/crates.io-index"
checksum = "4060f4657be78b8e766215b02b18a2e862d83745545de804638e2b545e81aee6"
dependencies = [
 "cfg-if 1.0.0",
 "libc",
 "wasi 0.10.0+wasi-snapshot-preview1",
]

[[package]]
name = "hardbot"
version = "0.1.0"
dependencies = [
 "anyhow",
 "bincode",
 "dirs",
 "maplit",
 "rand",
 "serde",
 "signal-hook 0.3.2",
 "stringlit",
 "toml",
 "twitch_chat_wrapper",
]

[[package]]
name = "hermit-abi"
version = "0.1.17"
source = "registry+https://github.com/rust-lang/crates.io-index"
checksum = "5aca5565f760fb5b220e499d72710ed156fdb74e631659e99377d9ebfbd13ae8"
dependencies = [
 "libc",
]

[[package]]
name = "indenter"
version = "0.3.0"
source = "registry+https://github.com/rust-lang/crates.io-index"
checksum = "e0bd112d44d9d870a6819eb505d04dd92b5e4d94bb8c304924a0872ae7016fb5"

[[package]]
name = "instant"
version = "0.1.9"
source = "registry+https://github.com/rust-lang/crates.io-index"
checksum = "61124eeebbd69b8190558df225adf7e4caafce0d743919e5d6b19652314ec5ec"
dependencies = [
 "cfg-if 1.0.0",
]

[[package]]
name = "lazy_static"
version = "1.4.0"
source = "registry+https://github.com/rust-lang/crates.io-index"
checksum = "e2abad23fbc42b3700f2f279844dc832adb2b2eb069b2df918f455c4e18cc646"

[[package]]
name = "libc"
version = "0.2.81"
source = "registry+https://github.com/rust-lang/crates.io-index"
checksum = "1482821306169ec4d07f6aca392a4681f66c75c9918aa49641a2595db64053cb"

[[package]]
name = "log"
version = "0.4.11"
source = "registry+https://github.com/rust-lang/crates.io-index"
checksum = "4fabed175da42fed1fa0746b0ea71f412aa9d35e76e95e59b192c64b9dc2bf8b"
dependencies = [
 "cfg-if 0.1.10",
]

[[package]]
name = "maplit"
version = "1.0.2"
source = "registry+https://github.com/rust-lang/crates.io-index"
checksum = "3e2e65a1a2e43cfcb47a895c4c8b10d1f4a61097f9f254f183aee60cad9c651d"

[[package]]
name = "memchr"
version = "2.3.4"
source = "registry+https://github.com/rust-lang/crates.io-index"
checksum = "0ee1c47aaa256ecabcaea351eae4a9b01ef39ed810004e298d2511ed284b1525"

[[package]]
name = "multitask"
version = "0.2.0"
source = "registry+https://github.com/rust-lang/crates.io-index"
checksum = "c09c35271e7dcdb5f709779111f2c8e8ab8e06c1b587c1c6a9e179d865aaa5b4"
dependencies = [
 "async-task 3.0.0",
 "concurrent-queue",
 "fastrand",
]

[[package]]
name = "nb-connect"
version = "1.0.2"
source = "registry+https://github.com/rust-lang/crates.io-index"
checksum = "8123a81538e457d44b933a02faf885d3fe8408806b23fa700e8f01c6c3a98998"
dependencies = [
 "libc",
 "winapi",
]

[[package]]
name = "num_cpus"
version = "1.13.0"
source = "registry+https://github.com/rust-lang/crates.io-index"
checksum = "05499f3756671c15885fee9034446956fff3f243d6077b91e5767df161f766b3"
dependencies = [
 "hermit-abi",
 "libc",
]

[[package]]
name = "once_cell"
version = "1.5.2"
source = "registry+https://github.com/rust-lang/crates.io-index"
checksum = "13bd41f508810a131401606d54ac32a467c97172d74ba7662562ebba5ad07fa0"

[[package]]
name = "parking"
version = "1.0.6"
source = "registry+https://github.com/rust-lang/crates.io-index"
checksum = "6cb300f271742d4a2a66c01b6b2fa0c83dfebd2e0bf11addb879a3547b4ed87c"

[[package]]
name = "parking"
version = "2.0.0"
source = "registry+https://github.com/rust-lang/crates.io-index"
checksum = "427c3892f9e783d91cc128285287e70a59e206ca452770ece88a76f7a3eddd72"

[[package]]
name = "pin-project-lite"
version = "0.1.11"
source = "registry+https://github.com/rust-lang/crates.io-index"
checksum = "c917123afa01924fc84bb20c4c03f004d9c38e5127e3c039bbf7f4b9c76a2f6b"

[[package]]
name = "pin-project-lite"
version = "0.2.0"
source = "registry+https://github.com/rust-lang/crates.io-index"
checksum = "6b063f57ec186e6140e2b8b6921e5f1bd89c7356dda5b33acc5401203ca6131c"

[[package]]
name = "polling"
version = "0.1.9"
source = "registry+https://github.com/rust-lang/crates.io-index"
checksum = "8fffa183f6bd5f1a8a3e1f60ce2f8d5621e350eed84a62d6daaa5b9d1aaf6fbd"
dependencies = [
 "cfg-if 0.1.10",
 "libc",
 "log",
 "wepoll-sys-stjepang",
 "winapi",
]

[[package]]
name = "polling"
version = "1.1.0"
source = "registry+https://github.com/rust-lang/crates.io-index"
checksum = "e0720e0b9ea9d52451cf29d3413ba8a9303f8815d9d9653ef70e03ff73e65566"
dependencies = [
 "cfg-if 0.1.10",
 "libc",
 "log",
 "wepoll-sys-stjepang",
 "winapi",
]

[[package]]
name = "ppv-lite86"
version = "0.2.10"
source = "registry+https://github.com/rust-lang/crates.io-index"
checksum = "ac74c624d6b2d21f425f752262f42188365d7b8ff1aff74c82e45136510a4857"

[[package]]
name = "proc-macro2"
version = "1.0.24"
source = "registry+https://github.com/rust-lang/crates.io-index"
checksum = "1e0704ee1a7e00d7bb417d0770ea303c1bccbabf0ef1667dae92b5967f5f8a71"
dependencies = [
 "unicode-xid",
]

[[package]]
name = "quote"
version = "1.0.8"
source = "registry+https://github.com/rust-lang/crates.io-index"
checksum = "991431c3519a3f36861882da93630ce66b52918dcf1b8e2fd66b397fc96f28df"
dependencies = [
 "proc-macro2",
]

[[package]]
name = "rand"
version = "0.8.1"
source = "registry+https://github.com/rust-lang/crates.io-index"
checksum = "c24fcd450d3fa2b592732565aa4f17a27a61c65ece4726353e000939b0edee34"
dependencies = [
 "libc",
 "rand_chacha",
 "rand_core",
 "rand_hc",
]

[[package]]
name = "rand_chacha"
version = "0.3.0"
source = "registry+https://github.com/rust-lang/crates.io-index"
checksum = "e12735cf05c9e10bf21534da50a147b924d555dc7a547c42e6bb2d5b6017ae0d"
dependencies = [
 "ppv-lite86",
 "rand_core",
]

[[package]]
name = "rand_core"
version = "0.6.1"
source = "registry+https://github.com/rust-lang/crates.io-index"
checksum = "c026d7df8b298d90ccbbc5190bd04d85e159eaf5576caeacf8741da93ccbd2e5"
dependencies = [
 "getrandom 0.2.1",
]

[[package]]
name = "rand_hc"
version = "0.3.0"
source = "registry+https://github.com/rust-lang/crates.io-index"
checksum = "3190ef7066a446f2e7f42e239d161e905420ccab01eb967c9eb27d21b2322a73"
dependencies = [
 "rand_core",
]

[[package]]
name = "redox_syscall"
version = "0.1.57"
source = "registry+https://github.com/rust-lang/crates.io-index"
checksum = "41cc0f7e4d5d4544e8861606a285bb08d3e70712ccc7d2b84d7c0ccfaf4b05ce"

[[package]]
name = "redox_users"
version = "0.3.5"
source = "registry+https://github.com/rust-lang/crates.io-index"
checksum = "de0737333e7a9502c789a36d7c7fa6092a49895d4faa31ca5df163857ded2e9d"
dependencies = [
 "getrandom 0.1.16",
 "redox_syscall",
 "rust-argon2",
]

[[package]]
name = "rust-argon2"
version = "0.8.3"
source = "registry+https://github.com/rust-lang/crates.io-index"
checksum = "4b18820d944b33caa75a71378964ac46f58517c92b6ae5f762636247c09e78fb"
dependencies = [
 "base64",
 "blake2b_simd",
 "constant_time_eq",
 "crossbeam-utils",
]

[[package]]
name = "scoped-tls"
version = "1.0.0"
source = "registry+https://github.com/rust-lang/crates.io-index"
checksum = "ea6a9290e3c9cf0f18145ef7ffa62d68ee0bf5fcd651017e586dc7fd5da448c2"

[[package]]
name = "serde"
version = "1.0.118"
source = "registry+https://github.com/rust-lang/crates.io-index"
checksum = "06c64263859d87aa2eb554587e2d23183398d617427327cf2b3d0ed8c69e4800"
dependencies = [
 "serde_derive",
]

[[package]]
name = "serde_derive"
version = "1.0.118"
source = "registry+https://github.com/rust-lang/crates.io-index"
checksum = "c84d3526699cd55261af4b941e4e725444df67aa4f9e6a3564f18030d12672df"
dependencies = [
 "proc-macro2",
 "quote",
 "syn",
]

[[package]]
name = "signal-hook"
version = "0.1.17"
source = "registry+https://github.com/rust-lang/crates.io-index"
checksum = "7e31d442c16f047a671b5a71e2161d6e68814012b7f5379d269ebd915fac2729"
dependencies = [
 "libc",
 "signal-hook-registry",
]

[[package]]
name = "signal-hook"
version = "0.3.2"
source = "registry+https://github.com/rust-lang/crates.io-index"
checksum = "8f12c113f6545af584585f757a384ce4e88e9c935c45ee05e3f09f48a7ce4195"
dependencies = [
 "libc",
 "signal-hook-registry",
]

[[package]]
name = "signal-hook-registry"
version = "1.3.0"
source = "registry+https://github.com/rust-lang/crates.io-index"
checksum = "16f1d0fef1604ba8f7a073c7e701f213e056707210e9020af4528e0101ce11a6"
dependencies = [
 "libc",
]

[[package]]
name = "simple-mutex"
version = "1.1.5"
source = "registry+https://github.com/rust-lang/crates.io-index"
checksum = "38aabbeafa6f6dead8cebf246fe9fae1f9215c8d29b3a69f93bd62a9e4a3dcd6"
dependencies = [
 "event-listener",
]

[[package]]
name = "smol"
version = "0.3.3"
source = "registry+https://github.com/rust-lang/crates.io-index"
checksum = "67583f4ccc13bbb105a0752058d8ad66c47753d85445952809bcaca891954f83"
dependencies = [
 "async-channel",
 "async-executor 0.1.2",
 "async-io 0.1.11",
 "blocking 0.5.2",
 "cfg-if 0.1.10",
 "easy-parallel",
 "futures-lite 0.1.11",
 "num_cpus",
]

[[package]]
name = "smol"
version = "1.2.5"
source = "registry+https://github.com/rust-lang/crates.io-index"
checksum = "85cf3b5351f3e783c1d79ab5fc604eeed8b8ae9abd36b166e8b87a089efd85e4"
dependencies = [
 "async-channel",
 "async-executor 1.4.0",
 "async-fs",
 "async-io 1.1.6",
 "async-lock",
 "async-net",
 "async-process",
 "blocking 1.0.2",
 "futures-lite 1.11.3",
 "once_cell",
]

[[package]]
name = "socket2"
version = "0.3.19"
source = "registry+https://github.com/rust-lang/crates.io-index"
checksum = "122e570113d28d773067fab24266b66753f6ea915758651696b6e35e49f88d6e"
dependencies = [
 "cfg-if 1.0.0",
 "libc",
 "winapi",
]

[[package]]
name = "stringlit"
version = "2.0.0"
source = "registry+https://github.com/rust-lang/crates.io-index"
checksum = "afad218de7613f604a4cbadc8d14bbb29845283ef91cfb80590a6536ca2a0751"

[[package]]
name = "syn"
version = "1.0.57"
source = "registry+https://github.com/rust-lang/crates.io-index"
checksum = "4211ce9909eb971f111059df92c45640aad50a619cf55cd76476be803c4c68e6"
dependencies = [
 "proc-macro2",
 "quote",
 "unicode-xid",
]

[[package]]
name = "toml"
version = "0.5.8"
source = "registry+https://github.com/rust-lang/crates.io-index"
checksum = "a31142970826733df8241ef35dc040ef98c679ab14d7c3e54d827099b3acecaa"
dependencies = [
 "serde",
]

[[package]]
name = "twitch_chat_wrapper"
version = "0.2.0"
source = "git+https://github.com/hardliner66/twitch_chat_wrapper?branch=eof_crash_workaround#a6a5e11cc94542061f8ae65b38fb0b02f1285151"
dependencies = [
 "eyre",
 "smol 0.3.3",
 "twitchchat",
]

[[package]]
name = "twitchchat"
version = "0.14.8"
source = "registry+https://github.com/rust-lang/crates.io-index"
checksum = "123f2cab8e6afe5183f40523e4f628b230ddcdbbabf0c094fb946eac73cb0da3"
dependencies = [
 "async-channel",
 "async-dup",
 "fastrand",
 "futures-lite 1.11.3",
 "futures-timer",
 "log",
 "pin-project-lite 0.1.11",
 "smol 1.2.5",
]

[[package]]
name = "unicode-xid"
version = "0.2.1"
source = "registry+https://github.com/rust-lang/crates.io-index"
checksum = "f7fe0bb3479651439c9112f72b6c505038574c9fbb575ed1bf3b797fa39dd564"

[[package]]
name = "vec-arena"
version = "0.5.2"
source = "registry+https://github.com/rust-lang/crates.io-index"
checksum = "8cb18268690309760d59ee1a9b21132c126ba384f374c59a94db4bc03adeb561"

[[package]]
name = "vec-arena"
version = "1.0.0"
source = "registry+https://github.com/rust-lang/crates.io-index"
checksum = "eafc1b9b2dfc6f5529177b62cf806484db55b32dc7c9658a118e11bbeb33061d"

[[package]]
name = "waker-fn"
version = "1.1.0"
source = "registry+https://github.com/rust-lang/crates.io-index"
checksum = "9d5b2c62b4012a3e1eca5a7e077d13b3bf498c4073e33ccd58626607748ceeca"

[[package]]
name = "wasi"
version = "0.9.0+wasi-snapshot-preview1"
source = "registry+https://github.com/rust-lang/crates.io-index"
checksum = "cccddf32554fecc6acb585f82a32a72e28b48f8c4c1883ddfeeeaa96f7d8e519"

[[package]]
name = "wasi"
version = "0.10.0+wasi-snapshot-preview1"
source = "registry+https://github.com/rust-lang/crates.io-index"
checksum = "1a143597ca7c7793eff794def352d41792a93c481eb1042423ff7ff72ba2c31f"

[[package]]
name = "wepoll-sys-stjepang"
version = "1.0.8"
source = "registry+https://github.com/rust-lang/crates.io-index"
checksum = "1fdfbb03f290ca0b27922e8d48a0997b4ceea12df33269b9f75e713311eb178d"
dependencies = [
 "cc",
]

[[package]]
name = "winapi"
version = "0.3.9"
source = "registry+https://github.com/rust-lang/crates.io-index"
checksum = "5c839a674fcd7a98952e593242ea400abe93992746761e38641405d28b00f419"
dependencies = [
 "winapi-i686-pc-windows-gnu",
 "winapi-x86_64-pc-windows-gnu",
]

[[package]]
name = "winapi-i686-pc-windows-gnu"
version = "0.4.0"
source = "registry+https://github.com/rust-lang/crates.io-index"
checksum = "ac3b87c63620426dd9b991e5ce0329eff545bccbbb34f3be09ff6fb6ab51b7b6"

[[package]]
name = "winapi-x86_64-pc-windows-gnu"
version = "0.4.0"
source = "registry+https://github.com/rust-lang/crates.io-index"
checksum = "712e227841d057c1ee1cd2fb22fa7e5a5461ae8e48fa2ca79ec42cfc1931183f"
